{
  "name": "reznet-website",
  "version": "2.1.0",
  "lockfileVersion": 3,
  "requires": true,
  "packages": {
    "": {
      "name": "reznet-website",
      "version": "2.1.0",
      "dependencies": {
        "@wix/sdk": "1.21.16",
        "@wix/site-crm": "1.34.0"
      },
      "devDependencies": {
        "esbuild": "0.28.2"
      }
    },
    "node_modules/@babel/runtime": {
      "version": "7.29.7",
      "resolved": "https://registry.npmjs.org/@babel/runtime/-/runtime-7.29.7.tgz",
      "integrity": "sha512-Nq8OhGWiZIZGV6hLHoyAKLLcJihP/xFeBMGJoUrxTX2psI8dCifzLhZISFb+VWS3wFMRDmCGw5R+dOySCqPLhw==",
      "license": "MIT",
      "engines": {
        "node": ">=6.9.0"
      }
    },
    "node_modules/@esbuild/aix-ppc64": {
      "version": "0.28.2",
      "resolved": "https://registry.npmjs.org/@esbuild/aix-ppc64/-/aix-ppc64-0.28.2.tgz",
      "integrity": "sha512-XExcO+dvLKvVtNTibSTBej1NCAbaGhWn9Ww1ZPx80qsahhPFe/8jgWP0IchNe0F3HwkU7n8ejhH8bjonqht8mQ==",
      "cpu": [
        "ppc64"
      ],
      "dev": true,
      "license": "MIT",
      "optional": true,
      "os": [
        "aix"
      ],
      "engines": {
        "node": ">=18"
      }
    },
    "node_modules/@esbuild/android-arm": {
      "version": "0.28.2",
      "resolved": "https://registry.npmjs.org/@esbuild/android-arm/-/android-arm-0.28.2.tgz",
      "integrity": "sha512-kXXoiPVVGQcnIYGOeaovwOURpniDBpSq4A03qkQ+BMQqtGG6HYap3xne9C1O1yo4TR3qxlCX5IqqmX6fFo2Lqg==",
      "cpu": [
        "arm"
      ],
      "dev": true,
      "license": "MIT",
      "optional": true,
      "os": [
        "android"
      ],
      "engines": {
        "node": ">=18"
      }
    },
    "node_modules/@esbuild/android-arm64": {
      "version": "0.28.2",
      "resolved": "https://registry.npmjs.org/@esbuild/android-arm64/-/android-arm64-0.28.2.tgz",
      "integrity": "sha512-5YfKeeI8qWfBZIX+u2xZC3Zlb3Os/gLS2sbEKM+I4ZOcsWmHS2WLysCcQZDAFRslDUU5Oiq44gf6PYN1vGwG5A==",
      "cpu": [
        "arm64"
      ],
      "dev": true,
      "license": "MIT",
      "optional": true,
      "os": [
        "android"
      ],
      "engines": {
        "node": ">=18"
      }
    },
    "node_modules/@esbuild/android-x64": {
      "version": "0.28.2",
      "resolved": "https://registry.npmjs.org/@esbuild/android-x64/-/android-x64-0.28.2.tgz",
      "integrity": "sha512-O387ite7SzUyCcy3JQX4P4bLtEA7bLLkx+esve5JHnyYfNTxcVpXZo9jhdB0lTKN44gztELTdU7nS8Nr16Fs1Q==",
      "cpu": [
        "x64"
      ],
      "dev": true,
      "license": "MIT",
      "optional": true,
      "os": [
        "android"
      ],
      "engines": {
        "node": ">=18"
      }
    },
    "node_modules/@esbuild/darwin-arm64": {
      "version": "0.28.2",
      "resolved": "https://registry.npmjs.org/@esbuild/darwin-arm64/-/darwin-arm64-0.28.2.tgz",
      "integrity": "sha512-n4KqkOQrraxHJcgjM1RvwbigfQKIKJVpM7xp+KsxiyUSrRdIXnt73VhrPAx0fV44hgfmIVKjxMN9J1t5jySVkw==",
      "cpu": [
        "arm64"
      ],
      "dev": true,
      "license": "MIT",
      "optional": true,
      "os": [
        "darwin"
      ],
      "engines": {
        "node": ">=18"
      }
    },
    "node_modules/@esbuild/darwin-x64": {
      "version": "0.28.2",
      "resolved": "https://registry.npmjs.org/@esbuild/darwin-x64/-/darwin-x64-0.28.2.tgz",
      "integrity": "sha512-uq6suIWYP37qzGddBKPw5QEQPi6HiLGsO7UmkpfyaYNQ3D+rN6w6WfwH+nuqcGXWvawGwxOEroO4YGnFh95azw==",
      "cpu": [
        "x64"
      ],
      "dev": true,
      "license": "MIT",
      "optional": true,
      "os": [
        "darwin"
      ],
      "engines": {
        "node": ">=18"
      }
    },
    "node_modules/@esbuild/freebsd-arm64": {
      "version": "0.28.2",
      "resolved": "https://registry.npmjs.org/@esbuild/freebsd-arm64/-/freebsd-arm64-0.28.2.tgz",
      "integrity": "sha512-n+I0BTSRIoy+d6RPKnEVwql5UwBJolytvY4mAOIEJorKlqgPII8ix6slVVrfZ5Tnj7glIZvloylbB/EJPMWEXw==",
      "cpu": [
        "arm64"
      ],
      "dev": true,
      "license": "MIT",
      "optional": true,
      "os": [
        "freebsd"
      ],
      "engines": {
        "node": ">=18"
      }
    },
    "node_modules/@esbuild/freebsd-x64": {
      "version": "0.28.2",
      "resolved": "https://registry.npmjs.org/@esbuild/freebsd-x64/-/freebsd-x64-0.28.2.tgz",
      "integrity": "sha512-78XJTJkvPs0kz2w61301PJjXl4g7q3JqiYMZ/M/yVI73EHBrCRTgkhu9oqG7vPqq+a/yadEW8aD+agKlk5xrmg==",
      "cpu": [
        "x64"
      ],
      "dev": true,
      "license": "MIT",
      "optional": true,
      "os": [
        "freebsd"
      ],
      "engines": {
        "node": ">=18"
      }
    },
    "node_modules/@esbuild/linux-arm": {
      "version": "0.28.2",
      "resolved": "https://registry.npmjs.org/@esbuild/linux-arm/-/linux-arm-0.28.2.tgz",
      "integrity": "sha512-XlDnu2q5yoqems+xay6wSAcg9DDD7K9RLKZEBOMZm3ckNpJBvOX20tSfby8KfrrhINDyv9V2YVZKY/SpoGJI8w==",
      "cpu": [
        "arm"
      ],
      "dev": true,
      "license": "MIT",
      "optional": true,
      "os": [
        "linux"
      ],
      "engines": {
        "node": ">=18"
      }
    },
    "node_modules/@esbuild/linux-arm64": {
      "version": "0.28.2",
      "resolved": "https://registry.npmjs.org/@esbuild/linux-arm64/-/linux-arm64-0.28.2.tgz",
      "integrity": "sha512-pW4AC0P3it8c7do9MVM4p51FzHzdM/TZrerurgRcHJ2WTa1VQ1CIq18xncfpBJw4ojkiZZrKW2yIBWBP92j6Ug==",
      "cpu": [
        "arm64"
      ],
      "dev": true,
      "license": "MIT",
      "optional": true,
      "os": [
        "linux"
      ],
      "engines": {
        "node": ">=18"
      }
    },
    "node_modules/@esbuild/linux-ia32": {
      "version": "0.28.2",
      "resolved": "https://registry.npmjs.org/@esbuild/linux-ia32/-/linux-ia32-0.28.2.tgz",
      "integrity": "sha512-CYbnj78HsIeA+DhgUKgFCfvNsTHFhMMrinUrMZpDXJXKN8T3XViTZ/+wtHeVxEWY8ewSzTFN+nRmSwO2tZaLUQ==",
      "cpu": [
        "ia32"
      ],
      "dev": true,
      "license": "MIT",
      "optional": true,
      "os": [
        "linux"
      ],
      "engines": {
        "node": ">=18"
      }
    },
    "node_modules/@esbuild/linux-loong64": {
      "version": "0.28.2",
      "resolved": "https://registry.npmjs.org/@esbuild/linux-loong64/-/linux-loong64-0.28.2.tgz",
      "integrity": "sha512-buwkd8nsph4R+ajRvw0qM5Hja/TXQow3ptzWO2EbG/cqcIkHloRrdlBtQlshyYGTNFvfkfJ5tpPLVkY4DtsPfQ==",
      "cpu": [
        "loong64"
      ],
      "dev": true,
      "license": "MIT",
      "optional": true,
      "os": [
        "linux"
      ],
      "engines": {
        "node": ">=18"
      }
    },
    "node_modules/@esbuild/linux-mips64el": {
      "version": "0.28.2",
      "resolved": "https://registry.npmjs.org/@esbuild/linux-mips64el/-/linux-mips64el-0.28.2.tgz",
      "integrity": "sha512-ZVykbDyk7519VwiNb9Lcj9m8XM6v5V9uKPvrEMkkEedVewf+0itkhahp4HDpgERXhwLRpWFypsGbG/J8s0QjJA==",
      "cpu": [
        "mips64el"
      ],
      "dev": true,
      "license": "MIT",
      "optional": true,
      "os": [
        "linux"
      ],
      "engines": {
        "node": ">=18"
      }
    },
    "node_modules/@esbuild/linux-ppc64": {
      "version": "0.28.2",
      "resolved": "https://registry.npmjs.org/@esbuild/linux-ppc64/-/linux-ppc64-0.28.2.tgz",
      "integrity": "sha512-CAXl+Dtd9UUuJd8pKKdwh6MLm3MUMiqMPmhZ3tTSXPqfyQ3vDl6R5hZdZ/kYojK4ofXtdfSv1tFq8XzWx3heNQ==",
      "cpu": [
        "ppc64"
      ],
      "dev": true,
      "license": "MIT",
      "optional": true,
      "os": [
        "linux"
      ],
      "engines": {
        "node": ">=18"
      }
    },
    "node_modules/@esbuild/linux-riscv64": {
      "version": "0.28.2",
      "resolved": "https://registry.npmjs.org/@esbuild/linux-riscv64/-/linux-riscv64-0.28.2.tgz",
      "integrity": "sha512-GeXCej4IQtU1B+QlDV8W/RRvbzI3O/Stss+/bCXv4lZls5WGRtu2a+3JkA3i4qIUlMXpcHebWpF8AkJhATowuA==",
      "cpu": [
        "riscv64"
      ],
      "dev": true,
      "license": "MIT",
      "optional": true,
      "os": [
        "linux"
      ],
      "engines": {
        "node": ">=18"
      }
    },
    "node_modules/@esbuild/linux-s390x": {
      "version": "0.28.2",
      "resolved": "https://registry.npmjs.org/@esbuild/linux-s390x/-/linux-s390x-0.28.2.tgz",
      "integrity": "sha512-3H1weTYZPxt/WOhByszQZybS9w5lKzUn1FDMsgEChbHWQwHYQQRfBxgCcZvPhjHfKyJjIievvMmEUawJrdY9Dg==",
      "cpu": [
        "s390x"
      ],
      "dev": true,
      "license": "MIT",
      "optional": true,
      "os": [
        "linux"
      ],
      "engines": {
        "node": ">=18"
      }
    },
    "node_modules/@esbuild/linux-x64": {
      "version": "0.28.2",
      "resolved": "https://registry.npmjs.org/@esbuild/linux-x64/-/linux-x64-0.28.2.tgz",
      "integrity": "sha512-4xTZr1FUmSoQW4XIWmit3tzQrUTZM+N3P0XV8xROKYF50XfI7xeO90+1bZvNwxIufQ9hDQVRJH5YhgPVF8A/HQ==",
      "cpu": [
        "x64"
      ],
      "dev": true,
      "license": "MIT",
      "optional": true,
      "os": [
        "linux"
      ],
      "engines": {
        "node": ">=18"
      }
    },
    "node_modules/@esbuild/netbsd-arm64": {
      "version": "0.28.2",
      "resolved": "https://registry.npmjs.org/@esbuild/netbsd-arm64/-/netbsd-arm64-0.28.2.tgz",
      "integrity": "sha512-sSATRjPeDBg3pdgHoQfoYBob11Kk1FGa9lui5RIHZCoCkJa9QKlvl3/vKz2usCmYYjs7ymJR/2Nnsqe+Hjt5nw==",
      "cpu": [
        "arm64"
      ],
      "dev": true,
      "license": "MIT",
      "optional": true,
      "os": [
        "netbsd"
      ],
      "engines": {
        "node": ">=18"
      }
    },
    "node_modules/@esbuild/netbsd-x64": {
      "version": "0.28.2",
      "resolved": "https://registry.npmjs.org/@esbuild/netbsd-x64/-/netbsd-x64-0.28.2.tgz",
      "integrity": "sha512-lqnzCV+mM0gIADaKihiCg6ifgfU2L3h5E33rNQBN1Y4MaVGnzryzmvvf7UHxprpQdE8hpqLolJ9Rl+SkIRDpyw==",
      "cpu": [
        "x64"
      ],
      "dev": true,
      "license": "MIT",
      "optional": true,
      "os": [
        "netbsd"
      ],
      "engines": {
        "node": ">=18"
      }
    },
    "node_modules/@esbuild/openbsd-arm64": {
      "version": "0.28.2",
      "resolved": "https://registry.npmjs.org/@esbuild/openbsd-arm64/-/openbsd-arm64-0.28.2.tgz",
      "integrity": "sha512-AL2qJILH7lNjrDmCQDvdxMfAUIv8KMNZOvrwAQ8i8//ntL9FflhOyMJ8OZSMBb8/AWXe3/5v5S20y3zCoZWKoQ==",
      "cpu": [
        "arm64"
      ],
      "dev": true,
      "license": "MIT",
      "optional": true,
      "os": [
        "openbsd"
      ],
      "engines": {
        "node": ">=18"
      }
    },
    "node_modules/@esbuild/openbsd-x64": {
      "version": "0.28.2",
      "resolved": "https://registry.npmjs.org/@esbuild/openbsd-x64/-/openbsd-x64-0.28.2.tgz",
      "integrity": "sha512-QtiuPytchRyC4rwUKhexJdQKvDuZ6hWloi3igqPQNUJCS1/v9EiO3UTOXR6A3FoMo4fnAKbWJdqaIwhOzh8qEw==",
      "cpu": [
        "x64"
      ],
      "dev": true,
      "license": "MIT",
      "optional": true,
      "os": [
        "openbsd"
      ],
      "engines": {
        "node": ">=18"
      }
    },
    "node_modules/@esbuild/openharmony-arm64": {
      "version": "0.28.2",
      "resolved": "https://registry.npmjs.org/@esbuild/openharmony-arm64/-/openharmony-arm64-0.28.2.tgz",
      "integrity": "sha512-WkhYDmpTjLvGlScA1rwjRUmhl4k8oXR3cIbtqWmELgU/dFeHHlEllxDvdWcNJV9rbzCexB5vz8gtNewWLgCT7Q==",
      "cpu": [
        "arm64"
      ],
      "dev": true,
      "license": "MIT",
      "optional": true,
      "os": [
        "openharmony"
      ],
      "engines": {
        "node": ">=18"
      }
    },
    "node_modules/@esbuild/sunos-x64": {
      "version": "0.28.2",
      "resolved": "https://registry.npmjs.org/@esbuild/sunos-x64/-/sunos-x64-0.28.2.tgz",
      "integrity": "sha512-GPMSkTOtMnv2U2F8gxe4Io6qmVs+YKyp832Etqqxr0hFngmXQ3rzwytelm3GIn7T4VviRUlf3sOgBOiTdvaf7g==",
      "cpu": [
        "x64"
      ],
      "dev": true,
      "license": "MIT",
      "optional": true,
      "os": [
        "sunos"
      ],
      "engines": {
        "node": ">=18"
      }
    },
    "node_modules/@esbuild/win32-arm64": {
      "version": "0.28.2",
      "resolved": "https://registry.npmjs.org/@esbuild/win32-arm64/-/win32-arm64-0.28.2.tgz",
      "integrity": "sha512-PIhhEkE9uPBleRBrQEJpUn7MBnibZzbGzYWPmY3x+YoVg/95zbjB4CxPPOQ8l5tYYM4mMaCthF8/1DIfBQQyWQ==",
      "cpu": [
        "arm64"
      ],
      "dev": true,
      "license": "MIT",
      "optional": true,
      "os": [
        "win32"
      ],
      "engines": {
        "node": ">=18"
      }
    },
    "node_modules/@esbuild/win32-ia32": {
      "version": "0.28.2",
      "resolved": "https://registry.npmjs.org/@esbuild/win32-ia32/-/win32-ia32-0.28.2.tgz",
      "integrity": "sha512-YmJbfTlvU7Sdn9BB+4PRES4oB6pxgS37MAONj+hBr/cpXS1aBPKXxNnDbu+QCWPj0o9dgyxeq79g6c5P8KeuYA==",
      "cpu": [
        "ia32"
      ],
      "dev": true,
      "license": "MIT",
      "optional": true,
      "os": [
        "win32"
      ],
      "engines": {
        "node": ">=18"
      }
    },
    "node_modules/@esbuild/win32-x64": {
      "version": "0.28.2",
      "resolved": "https://registry.npmjs.org/@esbuild/win32-x64/-/win32-x64-0.28.2.tgz",
      "integrity": "sha512-5ebpxr3nWMzrL/rnUI755Jkuee0bHL/Gq0WTF9lvcpv73wAp5eu8MfBUgWK9bhWvZjj7yX8etf/8tI8Ney695g==",
      "cpu": [
        "x64"
      ],
      "dev": true,
      "license": "MIT",
      "optional": true,
      "os": [
        "win32"
      ],
      "engines": {
        "node": ">=18"
      }
    },
    "node_modules/@wix/auto_sdk_identity_authentication": {
      "version": "1.0.59",
      "resolved": "https://registry.npmjs.org/@wix/auto_sdk_identity_authentication/-/auto_sdk_identity_authentication-1.0.59.tgz",
      "integrity": "sha512-AfFLDvaHOQc4CxA1wJ2JEDMq2Xy6VSYQ4+tdwyRdJWpTW4Q7EajjJgUWaAt50OaslhWg/s3ECymP7tGoZBwhqA==",
      "license": "MIT",
      "dependencies": {
        "@wix/sdk-runtime": "^1.0.24",
        "@wix/sdk-types": "^1.17.11"
      }
    },
    "node_modules/@wix/auto_sdk_identity_authentication/node_modules/@wix/sdk-runtime": {
      "version": "1.0.24",
      "resolved": "https://registry.npmjs.org/@wix/sdk-runtime/-/sdk-runtime-1.0.24.tgz",
      "integrity": "sha512-1R0CC+vYX/pSVPqyDnKmsTxkZisrq8DeidYQxxnRyYk5EfxNlLRNjX1auE/Lj+Mhs6qQPY/doayUhtCBaOkL+Q==",
      "license": "MIT",
      "dependencies": {
        "@wix/sdk-context": "0.0.1",
        "@wix/sdk-types": "1.17.11"
      }
    },
    "node_modules/@wix/auto_sdk_identity_oauth": {
      "version": "1.0.55",
      "resolved": "https://registry.npmjs.org/@wix/auto_sdk_identity_oauth/-/auto_sdk_identity_oauth-1.0.55.tgz",
      "integrity": "sha512-yQ1G1zi33gsCb1gQGRRPiSEPI0jiaMkkq168FKRxZX9dOU5C06AGVuSb8n9Hbx41gUV288jqGTE6FnMXl4O4vA==",
      "license": "MIT",
      "dependencies": {
        "@wix/sdk-runtime": "^1.0.24",
        "@wix/sdk-types": "^1.17.11"
      }
    },
    "node_modules/@wix/auto_sdk_identity_oauth/node_modules/@wix/sdk-runtime": {
      "version": "1.0.24",
      "resolved": "https://registry.npmjs.org/@wix/sdk-runtime/-/sdk-runtime-1.0.24.tgz",
      "integrity": "sha512-1R0CC+vYX/pSVPqyDnKmsTxkZisrq8DeidYQxxnRyYk5EfxNlLRNjX1auE/Lj+Mhs6qQPY/doayUhtCBaOkL+Q==",
      "license": "MIT",
      "dependencies": {
        "@wix/sdk-context": "0.0.1",
        "@wix/sdk-types": "1.17.11"
      }
    },
    "node_modules/@wix/auto_sdk_identity_recovery": {
      "version": "1.0.48",
      "resolved": "https://registry.npmjs.org/@wix/auto_sdk_identity_recovery/-/auto_sdk_identity_recovery-1.0.48.tgz",
      "integrity": "sha512-QtbiDnRLnQb1GTv60QVCr9hDcIi7RUVs76iiPx9KFhU87Nz+CXQfuP9W+nr0ufMJhHMTLCewgxNtfOmXZaBkgA==",
      "license": "MIT",
      "dependencies": {
        "@wix/sdk-runtime": "^1.0.24",
        "@wix/sdk-types": "^1.17.11"
      }
    },
    "node_modules/@wix/auto_sdk_identity_recovery/node_modules/@wix/sdk-runtime": {
      "version": "1.0.24",
      "resolved": "https://registry.npmjs.org/@wix/sdk-runtime/-/sdk-runtime-1.0.24.tgz",
      "integrity": "sha512-1R0CC+vYX/pSVPqyDnKmsTxkZisrq8DeidYQxxnRyYk5EfxNlLRNjX1auE/Lj+Mhs6qQPY/doayUhtCBaOkL+Q==",
      "license": "MIT",
      "dependencies": {
        "@wix/sdk-context": "0.0.1",
        "@wix/sdk-types": "1.17.11"
      }
    },
    "node_modules/@wix/auto_sdk_identity_sign-on-policy": {
      "version": "1.0.4",
      "resolved": "https://registry.npmjs.org/@wix/auto_sdk_identity_sign-on-policy/-/auto_sdk_identity_sign-on-policy-1.0.4.tgz",
      "integrity": "sha512-YZJ8/5H/SWqZRLpVTiOD7o1tG7MK0kuqMu9Kn5NB1+AGgziPvsWlsr+HksHeQPKUgFKmTplQgg2kLm2VqsMMnw==",
      "license": "MIT",
      "dependencies": {
        "@wix/sdk-runtime": "^1.0.24",
        "@wix/sdk-types": "^1.17.11"
      }
    },
    "node_modules/@wix/auto_sdk_identity_sign-on-policy/node_modules/@wix/sdk-runtime": {
      "version": "1.0.24",
      "resolved": "https://registry.npmjs.org/@wix/sdk-runtime/-/sdk-runtime-1.0.24.tgz",
      "integrity": "sha512-1R0CC+vYX/pSVPqyDnKmsTxkZisrq8DeidYQxxnRyYk5EfxNlLRNjX1auE/Lj+Mhs6qQPY/doayUhtCBaOkL+Q==",
      "license": "MIT",
      "dependencies": {
        "@wix/sdk-context": "0.0.1",
        "@wix/sdk-types": "1.17.11"
      }
    },
    "node_modules/@wix/auto_sdk_identity_verification": {
      "version": "1.0.50",
      "resolved": "https://registry.npmjs.org/@wix/auto_sdk_identity_verification/-/auto_sdk_identity_verification-1.0.50.tgz",
      "integrity": "sha512-9VUXaV1bznHZ79woohQJwriGLNiIh/44oo2oLvz2O26CtBTgLxAl3yIfD6mslvKO/Wi9kWlfD0fOuoNQAZCCZQ==",
      "license": "MIT",
      "dependencies": {
        "@wix/sdk-runtime": "^1.0.24",
        "@wix/sdk-types": "^1.17.11"
      }
    },
    "node_modules/@wix/auto_sdk_identity_verification/node_modules/@wix/sdk-runtime": {
      "version": "1.0.24",
      "resolved": "https://registry.npmjs.org/@wix/sdk-runtime/-/sdk-runtime-1.0.24.tgz",
      "integrity": "sha512-1R0CC+vYX/pSVPqyDnKmsTxkZisrq8DeidYQxxnRyYk5EfxNlLRNjX1auE/Lj+Mhs6qQPY/doayUhtCBaOkL+Q==",
      "license": "MIT",
      "dependencies": {
        "@wix/sdk-context": "0.0.1",
        "@wix/sdk-types": "1.17.11"
      }
    },
    "node_modules/@wix/auto_sdk_redirects_redirects": {
      "version": "1.0.54",
      "resolved": "https://registry.npmjs.org/@wix/auto_sdk_redirects_redirects/-/auto_sdk_redirects_redirects-1.0.54.tgz",
      "integrity": "sha512-clUiSVjRoo8ARq4Fk4WYlwbOtUnw11ZEhxUg9B84HfJ3+IkH+lFpijR4yuWcftYUnXHud4eA1QdhqF3ODViuJg==",
      "license": "MIT",
      "dependencies": {
        "@wix/sdk-runtime": "^1.0.24",
        "@wix/sdk-types": "^1.17.11"
      }
    },
    "node_modules/@wix/auto_sdk_redirects_redirects/node_modules/@wix/sdk-runtime": {
      "version": "1.0.24",
      "resolved": "https://registry.npmjs.org/@wix/sdk-runtime/-/sdk-runtime-1.0.24.tgz",
      "integrity": "sha512-1R0CC+vYX/pSVPqyDnKmsTxkZisrq8DeidYQxxnRyYk5EfxNlLRNjX1auE/Lj+Mhs6qQPY/doayUhtCBaOkL+Q==",
      "license": "MIT",
      "dependencies": {
        "@wix/sdk-context": "0.0.1",
        "@wix/sdk-types": "1.17.11"
      }
    },
    "node_modules/@wix/error-handler-types": {
      "version": "1.20.0",
      "resolved": "https://registry.npmjs.org/@wix/error-handler-types/-/error-handler-types-1.20.0.tgz",
      "integrity": "sha512-tMi5BucbWs6CnwIoMaPteWu4J6TeI6O2TsYx5hznKERz509We3ZKi+liJLp+oe2Kd/IUxZr3BAh1Zr+bcbKMVA==",
      "license": "MIT",
      "dependencies": {
        "@babel/runtime": "^7.28.4"
      }
    },
    "node_modules/@wix/identity": {
      "version": "1.0.234",
      "resolved": "https://registry.npmjs.org/@wix/identity/-/identity-1.0.234.tgz",
      "integrity": "sha512-FJaD/J/wY7iCn5L37CfQDroUOgQrTUnt5CEGIEw+eDpVB+SLN7q6bc2XuIjMD2sxEdLw+clfsZzn68RK3TDZpg==",
      "license": "MIT",
      "dependencies": {
        "@wix/auto_sdk_identity_authentication": "1.0.59",
        "@wix/auto_sdk_identity_oauth": "1.0.55",
        "@wix/auto_sdk_identity_recovery": "1.0.48",
        "@wix/auto_sdk_identity_sign-on-policy": "1.0.4",
        "@wix/auto_sdk_identity_verification": "1.0.50"
      }
    },
    "node_modules/@wix/image-kit": {
      "version": "1.125.0",
      "resolved": "https://registry.npmjs.org/@wix/image-kit/-/image-kit-1.125.0.tgz",
      "integrity": "sha512-ALqciyP3E0DSoLPcF3w2h6vZYamUodXp15MYw5/yfwPFzOuHq4Uo2cbXANL3D1v/7ehxjZoxdqGb4wHf9r5R7g==",
      "license": "MIT",
      "dependencies": {
        "@babel/runtime": "^7.26.0",
        "tslib": "^2.8.1"
      }
    },
    "node_modules/@wix/monitoring-types": {
      "version": "0.12.0",
      "resolved": "https://registry.npmjs.org/@wix/monitoring-types/-/monitoring-types-0.12.0.tgz",
      "integrity": "sha512-nlv4jwQMewjzPIWFF9rnKf9WhVojj67oLtvilYXfi+lnhXyVlYOfqCnL3qLJuKtJ6wT5XIJdt0Fj0su2NM5taQ==",
      "license": "UNLICENSED"
    },
    "node_modules/@wix/redirects": {
      "version": "1.0.126",
      "resolved": "https://registry.npmjs.org/@wix/redirects/-/redirects-1.0.126.tgz",
      "integrity": "sha512-CTvTQN0Itd5tYQ4FGq4J3kPSGckNMrPPYSBx6nnZZa6vIY4fL/R/VCsbTWtPizusEC86ZLUZEks/zlQn6SsmGQ==",
      "license": "MIT",
      "dependencies": {
        "@wix/auto_sdk_redirects_redirects": "1.0.54"
      }
    },
    "node_modules/@wix/sdk": {
      "version": "1.21.16",
      "resolved": "https://registry.npmjs.org/@wix/sdk/-/sdk-1.21.16.tgz",
      "integrity": "sha512-OGRzJDSmTGNftVOLn11jxgHeaWKfYkQRZDA7qtkEz4oo2KbjNqhV/O9bMghmmtXYivnHhZH5IBvNnBHxaWTCZg==",
      "license": "MIT",
      "dependencies": {
        "@wix/identity": "^1.0.204",
        "@wix/image-kit": "^1.114.0",
        "@wix/redirects": "^1.0.70",
        "@wix/sdk-context": "0.0.1",
        "@wix/sdk-runtime": "1.0.22",
        "@wix/sdk-types": "1.17.11",
        "jose": "^5.10.0",
        "type-fest": "^4.41.0"
      },
      "optionalDependencies": {
        "graphql": "^0.8.0 || ^0.9.0 || ^0.10.0 || ^0.11.0 || ^0.12.0 || ^0.13.0 || ^14.0.0 || ^15.0.0 || ^16.0.0 || ^17.0.0"
      }
    },
    "node_modules/@wix/sdk-context": {
      "version": "0.0.1",
      "resolved": "https://registry.npmjs.org/@wix/sdk-context/-/sdk-context-0.0.1.tgz",
      "integrity": "sha512-ziSzrceUC0KFn4IJIVBn1cXXKrZ49ZKG5tQ6fl+TpontyUw5p/Z4VofFUUsnqNl9JYCpYNTzIXpzwok93Vrl8A==",
      "license": "UNLICENSED"
    },
    "node_modules/@wix/sdk-runtime": {
      "version": "1.0.22",
      "resolved": "https://registry.npmjs.org/@wix/sdk-runtime/-/sdk-runtime-1.0.22.tgz",
      "integrity": "sha512-gGfT3+j4NBakQbm2SOb2OneKBAcbxWuDzJKMRgte3QyXxdnXARCv3h1LmBRAstLqxDsgaW7EDPv66oGIE6cb6A==",
      "license": "MIT",
      "dependencies": {
        "@wix/sdk-context": "0.0.1",
        "@wix/sdk-types": "1.17.11"
      }
    },
    "node_modules/@wix/sdk-types": {
      "version": "1.17.11",
      "resolved": "https://registry.npmjs.org/@wix/sdk-types/-/sdk-types-1.17.11.tgz",
      "integrity": "sha512-yZf6pxh1FP8lTHpny1+f54ac26hfzamxe0ldK9EziMXHsbw+99kF+iTGDrbHZ1YT9OV8xo82fWjK7Dhu45AzTA==",
      "license": "MIT",
      "dependencies": {
        "@wix/error-handler-types": "^1.19.0",
        "@wix/monitoring-types": "^0.12.0",
        "type-fest": "^4.41.0"
      }
    },
    "node_modules/@wix/site-crm": {
      "version": "1.34.0",
      "resolved": "https://registry.npmjs.org/@wix/site-crm/-/site-crm-1.34.0.tgz",
      "integrity": "sha512-dDiuT+tWEhfzoAuITrZl+VOsJ819j10x+13PTeHbpD1Fp4NE4uhrE5nVVbfi/OkteG35PaY/fdm+Svme4LrgXg==",
      "license": "UNLICENSED",
      "dependencies": {
        "@babel/runtime": "^7.0.0",
        "@wix/sdk-runtime": "^0.3.11",
        "@wix/sdk-types": "^1.13.3"
      }
    },
    "node_modules/@wix/site-crm/node_modules/@wix/sdk-runtime": {
      "version": "0.3.62",
      "resolved": "https://registry.npmjs.org/@wix/sdk-runtime/-/sdk-runtime-0.3.62.tgz",
      "integrity": "sha512-5imt9mSEaceX365iLGzMJ7jS4qr4lJj+2DZox86Ge8P7V9IeuPYLsQ+0PN9wN6XgMfjNLHt4G6hJUIi3bdglGA==",
      "license": "MIT",
      "dependencies": {
        "@wix/sdk-context": "0.0.1",
        "@wix/sdk-types": "^1.13.41"
      }
    },
    "node_modules/esbuild": {
      "version": "0.28.2",
      "resolved": "https://registry.npmjs.org/esbuild/-/esbuild-0.28.2.tgz",
      "integrity": "sha512-HKVLS8dvII+xoKW9kmqxbRKrnWEXfJJr/FZhhJmiqIB0e053QNYFqOBouTMO/k5sID4MvCiUCvv8b9M4h32wIA==",
      "dev": true,
      "hasInstallScript": true,
      "license": "MIT",
      "bin": {
        "esbuild": "bin/esbuild"
      },
      "engines": {
        "node": ">=18"
      },
      "optionalDependencies": {
        "@esbuild/aix-ppc64": "0.28.2",
        "@esbuild/android-arm": "0.28.2",
        "@esbuild/android-arm64": "0.28.2",
        "@esbuild/android-x64": "0.28.2",
        "@esbuild/darwin-arm64": "0.28.2",
        "@esbuild/darwin-x64": "0.28.2",
        "@esbuild/freebsd-arm64": "0.28.2",
        "@esbuild/freebsd-x64": "0.28.2",
        "@esbuild/linux-arm": "0.28.2",
        "@esbuild/linux-arm64": "0.28.2",
        "@esbuild/linux-ia32": "0.28.2",
        "@esbuild/linux-loong64": "0.28.2",
        "@esbuild/linux-mips64el": "0.28.2",
        "@esbuild/linux-ppc64": "0.28.2",
        "@esbuild/linux-riscv64": "0.28.2",
        "@esbuild/linux-s390x": "0.28.2",
        "@esbuild/linux-x64": "0.28.2",
        "@esbuild/netbsd-arm64": "0.28.2",
        "@esbuild/netbsd-x64": "0.28.2",
        "@esbuild/openbsd-arm64": "0.28.2",
        "@esbuild/openbsd-x64": "0.28.2",
        "@esbuild/openharmony-arm64": "0.28.2",
        "@esbuild/sunos-x64": "0.28.2",
        "@esbuild/win32-arm64": "0.28.2",
        "@esbuild/win32-ia32": "0.28.2",
        "@esbuild/win32-x64": "0.28.2"
      }
    },
    "node_modules/graphql": {
      "version": "17.0.2",
      "resolved": "https://registry.npmjs.org/graphql/-/graphql-17.0.2.tgz",
      "integrity": "sha512-FRWbddMxfkjiB7z+aQDWIR+E34xo9I8c9mtK2RPv8PmMzKRvrdsreHL/Ui/TmwHJfhHChEtsFPyMHKI+xuarQQ==",
      "license": "MIT",
      "optional": true,
      "engines": {
        "node": "^22.0.0 || ^24.0.0 || ^25.0.0 || >=26.0.0"
      }
    },
    "node_modules/jose": {
      "version": "5.10.0",
      "resolved": "https://registry.npmjs.org/jose/-/jose-5.10.0.tgz",
      "integrity": "sha512-s+3Al/p9g32Iq+oqXxkW//7jk2Vig6FF1CFqzVXoTUXt2qz89YWbL+OwS17NFYEvxC35n0FKeGO2LGYSxeM2Gg==",
      "license": "MIT",
      "funding": {
        "url": "https://github.com/sponsors/panva"
      }
    },
    "node_modules/tslib": {
      "version": "2.8.1",
      "resolved": "https://registry.npmjs.org/tslib/-/tslib-2.8.1.tgz",
      "integrity": "sha512-oJFu94HQb+KVduSUQL7wnpmqnfmLsOA/nAh6b6EH0wCEoK0/mPeXU6c3wKDV83MkOuHPRHtSXKKU99IBazS/2w==",
      "license": "0BSD"
    },
    "node_modules/type-fest": {
      "version": "4.41.0",
      "resolved": "https://registry.npmjs.org/type-fest/-/type-fest-4.41.0.tgz",
      "integrity": "sha512-TeTSQ6H5YHvpqVwBRcnLDCBnDOHWYu7IvGbHT6N8AOymcr9PJGjc1GTtiWZTYg0NCgYwvnYWEkVChQAr9bjfwA==",
      "license": "(MIT OR CC0-1.0)",
      "engines": {
        "node": ">=16"
      },
      "funding": {
        "url": "https://github.com/sponsors/sindresorhus"
      }
    }
  }
}
